
Microsoft Visual Studio Solution File, Format Version 12.00
# Visual Studio 2013
VisualStudioVersion = 12.0.40629.0
MinimumVisualStudioVersion = 10.0.40219.1
Project("{FAE04EC0-301F-11D3-BF4B-00C04F79EFBC}") = "RedcapService", "RedcapService\RedcapService.csproj", "{271541C7-65EF-4FF4-8C1A-E8935E954CF1}"
EndProject
Global
	GlobalSection(SolutionConfigurationPlatforms) = preSolution
		Debug|Any CPU = Debug|Any CPU
		Release|Any CPU = Release|Any CPU
	EndGlobalSection
	GlobalSection(ProjectConfigurationPlatforms) = postSolution
		{271541C7-65EF-4FF4-8C1A-E8935E954CF1}.Debug|Any CPU.ActiveCfg = Debug|Any CPU
		{271541C7-65EF-4FF4-8C1A-E8935E954CF1}.Debug|Any CPU.Build.0 = Debug|Any CPU
		{271541C7-65EF-4FF4-8C1A-E8935E954CF1}.Release|Any CPU.ActiveCfg = Release|Any CPU
		{271541C7-65EF-4FF4-8C1A-E8935E954CF1}.Release|Any CPU.Build.0 = Release|Any CPU
	EndGlobalSection
	GlobalSection(SolutionProperties) = preSolution
		HideSolutionNode = FALSE
	EndGlobalSection
EndGlobal
